
Microsoft Visual Studio Solution File, Format Version 12.00
# Visual Studio Version 17
VisualStudioVersion = 17.1.32328.378
MinimumVisualStudioVersion = 10.0.40219.1
Project("{9A19103F-16F7-4668-BE54-9A1E7A4F7556}") = "TripPlanner.Domain", "TripPlanner.Domain\TripPlanner.Domain.csproj", "{45367159-6BB0-4ABA-93AF-825E06CC499F}"
EndProject
Project("{9A19103F-16F7-4668-BE54-9A1E7A4F7556}") = "TripPlanner.EntityFramework", "TripPlanner.EntityFramework\TripPlanner.EntityFramework.csproj", "{D9EB90F5-824F-47BF-85BA-009626EA934B}"
EndProject
Project("{9A19103F-16F7-4668-BE54-9A1E7A4F7556}") = "TripPlanner.WPF", "TripPlanner.WPF\TripPlanner.WPF.csproj", "{5AA77003-BBB1-4F49-A40B-6FAF3B1E80F4}"
EndProject
Project("{FAE04EC0-301F-11D3-BF4B-00C04F79EFBC}") = "TripPlanner.Domain.Tests", "TripPlanner.Domain.Tests\TripPlanner.Domain.Tests.csproj", "{663A3E54-3E9E-4419-B875-9BD17CCA3292}"
EndProject
Global
	GlobalSection(SolutionConfigurationPlatforms) = preSolution
		Debug|Any CPU = Debug|Any CPU
		Release|Any CPU = Release|Any CPU
	EndGlobalSection
	GlobalSection(ProjectConfigurationPlatforms) = postSolution
		{45367159-6BB0-4ABA-93AF-825E06CC499F}.Debug|Any CPU.ActiveCfg = Debug|Any CPU
		{45367159-6BB0-4ABA-93AF-825E06CC499F}.Debug|Any CPU.Build.0 = Debug|Any CPU
		{45367159-6BB0-4ABA-93AF-825E06CC499F}.Release|Any CPU.ActiveCfg = Release|Any CPU
		{45367159-6BB0-4ABA-93AF-825E06CC499F}.Release|Any CPU.Build.0 = Release|Any CPU
		{D9EB90F5-824F-47BF-85BA-009626EA934B}.Debug|Any CPU.ActiveCfg = Debug|Any CPU
		{D9EB90F5-824F-47BF-85BA-009626EA934B}.Debug|Any CPU.Build.0 = Debug|Any CPU
		{D9EB90F5-824F-47BF-85BA-009626EA934B}.Release|Any CPU.ActiveCfg = Release|Any CPU
		{D9EB90F5-824F-47BF-85BA-009626EA934B}.Release|Any CPU.Build.0 = Release|Any CPU
		{5AA77003-BBB1-4F49-A40B-6FAF3B1E80F4}.Debug|Any CPU.ActiveCfg = Debug|Any CPU
		{5AA77003-BBB1-4F49-A40B-6FAF3B1E80F4}.Debug|Any CPU.Build.0 = Debug|Any CPU
		{5AA77003-BBB1-4F49-A40B-6FAF3B1E80F4}.Release|Any CPU.ActiveCfg = Release|Any CPU
		{5AA77003-BBB1-4F49-A40B-6FAF3B1E80F4}.Release|Any CPU.Build.0 = Release|Any CPU
		{663A3E54-3E9E-4419-B875-9BD17CCA3292}.Debug|Any CPU.ActiveCfg = Debug|Any CPU
		{663A3E54-3E9E-4419-B875-9BD17CCA3292}.Debug|Any CPU.Build.0 = Debug|Any CPU
		{663A3E54-3E9E-4419-B875-9BD17CCA3292}.Release|Any CPU.ActiveCfg = Release|Any CPU
		{663A3E54-3E9E-4419-B875-9BD17CCA3292}.Release|Any CPU.Build.0 = Release|Any CPU
	EndGlobalSection
	GlobalSection(SolutionProperties) = preSolution
		HideSolutionNode = FALSE
	EndGlobalSection
	GlobalSection(ExtensibilityGlobals) = postSolution
		SolutionGuid = {7ED23FC1-0877-4E9C-A782-87092F7EA09A}
	EndGlobalSection
EndGlobal
